
Microsoft Visual Studio Solution File, Format Version 12.00
Project("{2150E333-8FDC-42A3-9474-1A3956D46DE8}") = "Libraries", "Libraries", "{859D4246-0FAB-461D-BE12-5B0C134C0BC4}"
EndProject
Project("{FAE04EC0-301F-11D3-BF4B-00C04F79EFBC}") = "Palm", "Palm\Palm.csproj", "{F6A7471D-F2E9-46ED-9BC8-4388EE26E1D8}"
EndProject
Project("{FAE04EC0-301F-11D3-BF4B-00C04F79EFBC}") = "Palm.Caching", "Palm.Caching\Palm.Caching.csproj", "{2281B9E5-AB21-422D-A83E-EF2782AC566A}"
EndProject
Project("{FAE04EC0-301F-11D3-BF4B-00C04F79EFBC}") = "Palm.Mapper", "Palm.Mapper\Palm.Mapper.csproj", "{99A9E611-2E6B-4AAA-9E59-552D298E7836}"
EndProject
Project("{FAE04EC0-301F-11D3-BF4B-00C04F79EFBC}") = "Palm.Models", "Palm.Models\Palm.Models.csproj", "{56505FF6-A957-4055-AB23-9FCA3AFD6C0A}"
EndProject
Project("{FAE04EC0-301F-11D3-BF4B-00C04F79EFBC}") = "Palm.Abstractions", "Palm.Abstractions\Palm.Abstractions.csproj", "{95CB80A1-9E74-4452-B8AE-161E34C9B155}"
EndProject
Project("{FAE04EC0-301F-11D3-BF4B-00C04F79EFBC}") = "Palm.Infrastructure", "Palm.Infrastructure\Palm.Infrastructure.csproj", "{774966EC-44E0-4DA2-862E-74F1879250F8}"
EndProject
Project("{2150E333-8FDC-42A3-9474-1A3956D46DE8}") = "Workers", "Workers", "{6622CE37-6772-4CCF-B328-820B41F624AD}"
EndProject
Project("{FAE04EC0-301F-11D3-BF4B-00C04F79EFBC}") = "Palm.ClassStudents", "Palm.ClassStudents\Palm.ClassStudents.csproj", "{4179E1ED-9C5C-40D7-9141-FB7D00D55402}"
EndProject
Project("{FAE04EC0-301F-11D3-BF4B-00C04F79EFBC}") = "Palm.Validator", "Palm.Validator\Palm.Validator.csproj", "{9070BBC4-27B5-4A79-8686-5DB2E076D095}"
EndProject
Project("{FAE04EC0-301F-11D3-BF4B-00C04F79EFBC}") = "Palm.Exceptions", "Palm.Exceptions\Palm.Exceptions.csproj", "{2F8444FA-F3F5-4300-AF7F-8D24070CF463}"
EndProject
Global
	GlobalSection(SolutionConfigurationPlatforms) = preSolution
		Debug|Any CPU = Debug|Any CPU
		Release|Any CPU = Release|Any CPU
	EndGlobalSection
	GlobalSection(ProjectConfigurationPlatforms) = postSolution
		{F6A7471D-F2E9-46ED-9BC8-4388EE26E1D8}.Debug|Any CPU.ActiveCfg = Debug|Any CPU
		{F6A7471D-F2E9-46ED-9BC8-4388EE26E1D8}.Debug|Any CPU.Build.0 = Debug|Any CPU
		{F6A7471D-F2E9-46ED-9BC8-4388EE26E1D8}.Release|Any CPU.ActiveCfg = Release|Any CPU
		{F6A7471D-F2E9-46ED-9BC8-4388EE26E1D8}.Release|Any CPU.Build.0 = Release|Any CPU
		{2281B9E5-AB21-422D-A83E-EF2782AC566A}.Debug|Any CPU.ActiveCfg = Debug|Any CPU
		{2281B9E5-AB21-422D-A83E-EF2782AC566A}.Debug|Any CPU.Build.0 = Debug|Any CPU
		{2281B9E5-AB21-422D-A83E-EF2782AC566A}.Release|Any CPU.ActiveCfg = Release|Any CPU
		{2281B9E5-AB21-422D-A83E-EF2782AC566A}.Release|Any CPU.Build.0 = Release|Any CPU
		{99A9E611-2E6B-4AAA-9E59-552D298E7836}.Debug|Any CPU.ActiveCfg = Debug|Any CPU
		{99A9E611-2E6B-4AAA-9E59-552D298E7836}.Debug|Any CPU.Build.0 = Debug|Any CPU
		{99A9E611-2E6B-4AAA-9E59-552D298E7836}.Release|Any CPU.ActiveCfg = Release|Any CPU
		{99A9E611-2E6B-4AAA-9E59-552D298E7836}.Release|Any CPU.Build.0 = Release|Any CPU
		{56505FF6-A957-4055-AB23-9FCA3AFD6C0A}.Debug|Any CPU.ActiveCfg = Debug|Any CPU
		{56505FF6-A957-4055-AB23-9FCA3AFD6C0A}.Debug|Any CPU.Build.0 = Debug|Any CPU
		{56505FF6-A957-4055-AB23-9FCA3AFD6C0A}.Release|Any CPU.ActiveCfg = Release|Any CPU
		{56505FF6-A957-4055-AB23-9FCA3AFD6C0A}.Release|Any CPU.Build.0 = Release|Any CPU
		{95CB80A1-9E74-4452-B8AE-161E34C9B155}.Debug|Any CPU.ActiveCfg = Debug|Any CPU
		{95CB80A1-9E74-4452-B8AE-161E34C9B155}.Debug|Any CPU.Build.0 = Debug|Any CPU
		{95CB80A1-9E74-4452-B8AE-161E34C9B155}.Release|Any CPU.ActiveCfg = Release|Any CPU
		{95CB80A1-9E74-4452-B8AE-161E34C9B155}.Release|Any CPU.Build.0 = Release|Any CPU
		{774966EC-44E0-4DA2-862E-74F1879250F8}.Debug|Any CPU.ActiveCfg = Debug|Any CPU
		{774966EC-44E0-4DA2-862E-74F1879250F8}.Debug|Any CPU.Build.0 = Debug|Any CPU
		{774966EC-44E0-4DA2-862E-74F1879250F8}.Release|Any CPU.ActiveCfg = Release|Any CPU
		{774966EC-44E0-4DA2-862E-74F1879250F8}.Release|Any CPU.Build.0 = Release|Any CPU
		{4179E1ED-9C5C-40D7-9141-FB7D00D55402}.Debug|Any CPU.ActiveCfg = Debug|Any CPU
		{4179E1ED-9C5C-40D7-9141-FB7D00D55402}.Debug|Any CPU.Build.0 = Debug|Any CPU
		{4179E1ED-9C5C-40D7-9141-FB7D00D55402}.Release|Any CPU.ActiveCfg = Release|Any CPU
		{4179E1ED-9C5C-40D7-9141-FB7D00D55402}.Release|Any CPU.Build.0 = Release|Any CPU
		{9070BBC4-27B5-4A79-8686-5DB2E076D095}.Debug|Any CPU.ActiveCfg = Debug|Any CPU
		{9070BBC4-27B5-4A79-8686-5DB2E076D095}.Debug|Any CPU.Build.0 = Debug|Any CPU
		{9070BBC4-27B5-4A79-8686-5DB2E076D095}.Release|Any CPU.ActiveCfg = Release|Any CPU
		{9070BBC4-27B5-4A79-8686-5DB2E076D095}.Release|Any CPU.Build.0 = Release|Any CPU
		{2F8444FA-F3F5-4300-AF7F-8D24070CF463}.Debug|Any CPU.ActiveCfg = Debug|Any CPU
		{2F8444FA-F3F5-4300-AF7F-8D24070CF463}.Debug|Any CPU.Build.0 = Debug|Any CPU
		{2F8444FA-F3F5-4300-AF7F-8D24070CF463}.Release|Any CPU.ActiveCfg = Release|Any CPU
		{2F8444FA-F3F5-4300-AF7F-8D24070CF463}.Release|Any CPU.Build.0 = Release|Any CPU
	EndGlobalSection
	GlobalSection(NestedProjects) = preSolution
		{2281B9E5-AB21-422D-A83E-EF2782AC566A} = {859D4246-0FAB-461D-BE12-5B0C134C0BC4}
		{99A9E611-2E6B-4AAA-9E59-552D298E7836} = {859D4246-0FAB-461D-BE12-5B0C134C0BC4}
		{56505FF6-A957-4055-AB23-9FCA3AFD6C0A} = {859D4246-0FAB-461D-BE12-5B0C134C0BC4}
		{95CB80A1-9E74-4452-B8AE-161E34C9B155} = {859D4246-0FAB-461D-BE12-5B0C134C0BC4}
		{774966EC-44E0-4DA2-862E-74F1879250F8} = {859D4246-0FAB-461D-BE12-5B0C134C0BC4}
		{4179E1ED-9C5C-40D7-9141-FB7D00D55402} = {6622CE37-6772-4CCF-B328-820B41F624AD}
		{9070BBC4-27B5-4A79-8686-5DB2E076D095} = {859D4246-0FAB-461D-BE12-5B0C134C0BC4}
		{2F8444FA-F3F5-4300-AF7F-8D24070CF463} = {859D4246-0FAB-461D-BE12-5B0C134C0BC4}
	EndGlobalSection
EndGlobal
